
Microsoft Visual Studio Solution File, Format Version 12.00
# Visual Studio Version 17
VisualStudioVersion = 17.13.35828.75 d17.13
MinimumVisualStudioVersion = 10.0.40219.1
Project("{FAE04EC0-301F-11D3-BF4B-00C04F79EFBC}") = "MauiAppTempoAgora", "MauiAppTempoAgora.csproj", "{8618513B-F92C-4C99-B992-72630C667AEB}"
EndProject
Global
	GlobalSection(SolutionConfigurationPlatforms) = preSolution
		Debug|Any CPU = Debug|Any CPU
		Release|Any CPU = Release|Any CPU
	EndGlobalSection
	GlobalSection(ProjectConfigurationPlatforms) = postSolution
		{8618513B-F92C-4C99-B992-72630C667AEB}.Debug|Any CPU.ActiveCfg = Debug|Any CPU
		{8618513B-F92C-4C99-B992-72630C667AEB}.Debug|Any CPU.Build.0 = Debug|Any CPU
		{8618513B-F92C-4C99-B992-72630C667AEB}.Debug|Any CPU.Deploy.0 = Debug|Any CPU
		{8618513B-F92C-4C99-B992-72630C667AEB}.Release|Any CPU.ActiveCfg = Release|Any CPU
		{8618513B-F92C-4C99-B992-72630C667AEB}.Release|Any CPU.Build.0 = Release|Any CPU
		{8618513B-F92C-4C99-B992-72630C667AEB}.Release|Any CPU.Deploy.0 = Release|Any CPU
	EndGlobalSection
	GlobalSection(SolutionProperties) = preSolution
		HideSolutionNode = FALSE
	EndGlobalSection
	GlobalSection(ExtensibilityGlobals) = postSolution
		SolutionGuid = {4C1EB67F-DD56-4A25-80BC-3298E7466FD7}
	EndGlobalSection
EndGlobal
